
Microsoft Visual Studio Solution File, Format Version 12.00
# Visual Studio Version 16
VisualStudioVersion = 16.0.31005.135
MinimumVisualStudioVersion = 10.0.40219.1
Project("{9A19103F-16F7-4668-BE54-9A1E7A4F7556}") = "Entities", "Entities\Entities.csproj", "{7DEF2E64-7D28-4063-88AC-EA42FEA61B01}"
EndProject
Project("{9A19103F-16F7-4668-BE54-9A1E7A4F7556}") = "DataAccess", "DataAccess\DataAccess.csproj", "{A9C6F824-7CF3-4721-B757-E2140A5F780A}"
EndProject
Project("{9A19103F-16F7-4668-BE54-9A1E7A4F7556}") = "Businness", "Businness\Businness.csproj", "{F53495C9-E418-4B66-AC78-C2DCA253E485}"
EndProject
Project("{9A19103F-16F7-4668-BE54-9A1E7A4F7556}") = "WebApi", "WebApi\WebApi.csproj", "{DDD0BAF5-D503-4D0D-A8B6-E205609D9848}"
EndProject
Project("{9A19103F-16F7-4668-BE54-9A1E7A4F7556}") = "Web", "Web\Web.csproj", "{7DF661F1-FAD7-4FC1-BC69-D286EE905864}"
EndProject
Global
	GlobalSection(SolutionConfigurationPlatforms) = preSolution
		Debug|Any CPU = Debug|Any CPU
		Release|Any CPU = Release|Any CPU
	EndGlobalSection
	GlobalSection(ProjectConfigurationPlatforms) = postSolution
		{7DEF2E64-7D28-4063-88AC-EA42FEA61B01}.Debug|Any CPU.ActiveCfg = Debug|Any CPU
		{7DEF2E64-7D28-4063-88AC-EA42FEA61B01}.Debug|Any CPU.Build.0 = Debug|Any CPU
		{7DEF2E64-7D28-4063-88AC-EA42FEA61B01}.Release|Any CPU.ActiveCfg = Release|Any CPU
		{7DEF2E64-7D28-4063-88AC-EA42FEA61B01}.Release|Any CPU.Build.0 = Release|Any CPU
		{A9C6F824-7CF3-4721-B757-E2140A5F780A}.Debug|Any CPU.ActiveCfg = Debug|Any CPU
		{A9C6F824-7CF3-4721-B757-E2140A5F780A}.Debug|Any CPU.Build.0 = Debug|Any CPU
		{A9C6F824-7CF3-4721-B757-E2140A5F780A}.Release|Any CPU.ActiveCfg = Release|Any CPU
		{A9C6F824-7CF3-4721-B757-E2140A5F780A}.Release|Any CPU.Build.0 = Release|Any CPU
		{F53495C9-E418-4B66-AC78-C2DCA253E485}.Debug|Any CPU.ActiveCfg = Debug|Any CPU
		{F53495C9-E418-4B66-AC78-C2DCA253E485}.Debug|Any CPU.Build.0 = Debug|Any CPU
		{F53495C9-E418-4B66-AC78-C2DCA253E485}.Release|Any CPU.ActiveCfg = Release|Any CPU
		{F53495C9-E418-4B66-AC78-C2DCA253E485}.Release|Any CPU.Build.0 = Release|Any CPU
		{DDD0BAF5-D503-4D0D-A8B6-E205609D9848}.Debug|Any CPU.ActiveCfg = Debug|Any CPU
		{DDD0BAF5-D503-4D0D-A8B6-E205609D9848}.Debug|Any CPU.Build.0 = Debug|Any CPU
		{DDD0BAF5-D503-4D0D-A8B6-E205609D9848}.Release|Any CPU.ActiveCfg = Release|Any CPU
		{DDD0BAF5-D503-4D0D-A8B6-E205609D9848}.Release|Any CPU.Build.0 = Release|Any CPU
		{7DF661F1-FAD7-4FC1-BC69-D286EE905864}.Debug|Any CPU.ActiveCfg = Debug|Any CPU
		{7DF661F1-FAD7-4FC1-BC69-D286EE905864}.Debug|Any CPU.Build.0 = Debug|Any CPU
		{7DF661F1-FAD7-4FC1-BC69-D286EE905864}.Release|Any CPU.ActiveCfg = Release|Any CPU
		{7DF661F1-FAD7-4FC1-BC69-D286EE905864}.Release|Any CPU.Build.0 = Release|Any CPU
	EndGlobalSection
	GlobalSection(SolutionProperties) = preSolution
		HideSolutionNode = FALSE
	EndGlobalSection
	GlobalSection(ExtensibilityGlobals) = postSolution
		SolutionGuid = {C9887967-AE66-460A-B3AA-83D84665544C}
	EndGlobalSection
EndGlobal
